
Microsoft Visual Studio Solution File, Format Version 12.00
# Visual Studio Version 16
VisualStudioVersion = 16.0.31624.102
MinimumVisualStudioVersion = 10.0.40219.1
Project("{8BC9CEB8-8B4A-11D0-8D11-00A0C91BC942}") = "Project4_1", "Project4_1\Project4_1.vcxproj", "{A55F7279-BD12-4371-AAB6-CB88939CD414}"
EndProject
Global
	GlobalSection(SolutionConfigurationPlatforms) = preSolution
		Debug|x64 = Debug|x64
		Debug|x86 = Debug|x86
		Release|x64 = Release|x64
		Release|x86 = Release|x86
	EndGlobalSection
	GlobalSection(ProjectConfigurationPlatforms) = postSolution
		{A55F7279-BD12-4371-AAB6-CB88939CD414}.Debug|x64.ActiveCfg = Debug|x64
		{A55F7279-BD12-4371-AAB6-CB88939CD414}.Debug|x64.Build.0 = Debug|x64
		{A55F7279-BD12-4371-AAB6-CB88939CD414}.Debug|x86.ActiveCfg = Debug|Win32
		{A55F7279-BD12-4371-AAB6-CB88939CD414}.Debug|x86.Build.0 = Debug|Win32
		{A55F7279-BD12-4371-AAB6-CB88939CD414}.Release|x64.ActiveCfg = Release|x64
		{A55F7279-BD12-4371-AAB6-CB88939CD414}.Release|x64.Build.0 = Release|x64
		{A55F7279-BD12-4371-AAB6-CB88939CD414}.Release|x86.ActiveCfg = Release|Win32
		{A55F7279-BD12-4371-AAB6-CB88939CD414}.Release|x86.Build.0 = Release|Win32
	EndGlobalSection
	GlobalSection(SolutionProperties) = preSolution
		HideSolutionNode = FALSE
	EndGlobalSection
	GlobalSection(ExtensibilityGlobals) = postSolution
		SolutionGuid = {1EF5F7E6-8F13-499F-B3B5-A0730CF4726E}
	EndGlobalSection
EndGlobal
