
Microsoft Visual Studio Solution File, Format Version 12.00
# Visual Studio Version 16
VisualStudioVersion = 16.0.31624.102
MinimumVisualStudioVersion = 10.0.40219.1
Project("{8BC9CEB8-8B4A-11D0-8D11-00A0C91BC942}") = "ConsoleApplication9", "ConsoleApplication9\ConsoleApplication9.vcxproj", "{2C01C92F-5633-4443-B278-9A8D180EC638}"
EndProject
Global
	GlobalSection(SolutionConfigurationPlatforms) = preSolution
		Debug|x64 = Debug|x64
		Debug|x86 = Debug|x86
		Release|x64 = Release|x64
		Release|x86 = Release|x86
	EndGlobalSection
	GlobalSection(ProjectConfigurationPlatforms) = postSolution
		{2C01C92F-5633-4443-B278-9A8D180EC638}.Debug|x64.ActiveCfg = Debug|x64
		{2C01C92F-5633-4443-B278-9A8D180EC638}.Debug|x64.Build.0 = Debug|x64
		{2C01C92F-5633-4443-B278-9A8D180EC638}.Debug|x86.ActiveCfg = Debug|Win32
		{2C01C92F-5633-4443-B278-9A8D180EC638}.Debug|x86.Build.0 = Debug|Win32
		{2C01C92F-5633-4443-B278-9A8D180EC638}.Release|x64.ActiveCfg = Release|x64
		{2C01C92F-5633-4443-B278-9A8D180EC638}.Release|x64.Build.0 = Release|x64
		{2C01C92F-5633-4443-B278-9A8D180EC638}.Release|x86.ActiveCfg = Release|Win32
		{2C01C92F-5633-4443-B278-9A8D180EC638}.Release|x86.Build.0 = Release|Win32
	EndGlobalSection
	GlobalSection(SolutionProperties) = preSolution
		HideSolutionNode = FALSE
	EndGlobalSection
	GlobalSection(ExtensibilityGlobals) = postSolution
		SolutionGuid = {25541EDB-A673-49B1-884A-1876B1E72AE8}
	EndGlobalSection
EndGlobal
