
Microsoft Visual Studio Solution File, Format Version 12.00
# Visual Studio Version 16
VisualStudioVersion = 16.0.31624.102
MinimumVisualStudioVersion = 10.0.40219.1
Project("{8BC9CEB8-8B4A-11D0-8D11-00A0C91BC942}") = "ConsoleApplication5", "ConsoleApplication5\ConsoleApplication5.vcxproj", "{CBADCA96-C61B-436F-84AE-997C1174C556}"
EndProject
Global
	GlobalSection(SolutionConfigurationPlatforms) = preSolution
		Debug|x64 = Debug|x64
		Debug|x86 = Debug|x86
		Release|x64 = Release|x64
		Release|x86 = Release|x86
	EndGlobalSection
	GlobalSection(ProjectConfigurationPlatforms) = postSolution
		{CBADCA96-C61B-436F-84AE-997C1174C556}.Debug|x64.ActiveCfg = Debug|x64
		{CBADCA96-C61B-436F-84AE-997C1174C556}.Debug|x64.Build.0 = Debug|x64
		{CBADCA96-C61B-436F-84AE-997C1174C556}.Debug|x86.ActiveCfg = Debug|Win32
		{CBADCA96-C61B-436F-84AE-997C1174C556}.Debug|x86.Build.0 = Debug|Win32
		{CBADCA96-C61B-436F-84AE-997C1174C556}.Release|x64.ActiveCfg = Release|x64
		{CBADCA96-C61B-436F-84AE-997C1174C556}.Release|x64.Build.0 = Release|x64
		{CBADCA96-C61B-436F-84AE-997C1174C556}.Release|x86.ActiveCfg = Release|Win32
		{CBADCA96-C61B-436F-84AE-997C1174C556}.Release|x86.Build.0 = Release|Win32
	EndGlobalSection
	GlobalSection(SolutionProperties) = preSolution
		HideSolutionNode = FALSE
	EndGlobalSection
	GlobalSection(ExtensibilityGlobals) = postSolution
		SolutionGuid = {344C8B90-87C7-4DD5-843B-C70DCA074C8B}
	EndGlobalSection
EndGlobal
