
Microsoft Visual Studio Solution File, Format Version 12.00
# Visual Studio Version 16
VisualStudioVersion = 16.0.31624.102
MinimumVisualStudioVersion = 10.0.40219.1
Project("{8BC9CEB8-8B4A-11D0-8D11-00A0C91BC942}") = "ConsoleApplication2", "ConsoleApplication2\ConsoleApplication2.vcxproj", "{8555E963-C756-4BB3-B644-C424F2997DAE}"
EndProject
Global
	GlobalSection(SolutionConfigurationPlatforms) = preSolution
		Debug|x64 = Debug|x64
		Debug|x86 = Debug|x86
		Release|x64 = Release|x64
		Release|x86 = Release|x86
	EndGlobalSection
	GlobalSection(ProjectConfigurationPlatforms) = postSolution
		{8555E963-C756-4BB3-B644-C424F2997DAE}.Debug|x64.ActiveCfg = Debug|x64
		{8555E963-C756-4BB3-B644-C424F2997DAE}.Debug|x64.Build.0 = Debug|x64
		{8555E963-C756-4BB3-B644-C424F2997DAE}.Debug|x86.ActiveCfg = Debug|Win32
		{8555E963-C756-4BB3-B644-C424F2997DAE}.Debug|x86.Build.0 = Debug|Win32
		{8555E963-C756-4BB3-B644-C424F2997DAE}.Release|x64.ActiveCfg = Release|x64
		{8555E963-C756-4BB3-B644-C424F2997DAE}.Release|x64.Build.0 = Release|x64
		{8555E963-C756-4BB3-B644-C424F2997DAE}.Release|x86.ActiveCfg = Release|Win32
		{8555E963-C756-4BB3-B644-C424F2997DAE}.Release|x86.Build.0 = Release|Win32
	EndGlobalSection
	GlobalSection(SolutionProperties) = preSolution
		HideSolutionNode = FALSE
	EndGlobalSection
	GlobalSection(ExtensibilityGlobals) = postSolution
		SolutionGuid = {1A1ECD7A-65E6-45BB-A042-473E228C8ABC}
	EndGlobalSection
EndGlobal
