
Microsoft Visual Studio Solution File, Format Version 12.00
# Visual Studio Version 16
VisualStudioVersion = 16.0.31205.134
MinimumVisualStudioVersion = 10.0.40219.1
Project("{8BC9CEB8-8B4A-11D0-8D11-00A0C91BC942}") = "OTA_lab7", "OTA_lab7\OTA_lab7.vcxproj", "{FCB04392-4E9B-49F5-93BD-BD925CEE6278}"
EndProject
Global
	GlobalSection(SolutionConfigurationPlatforms) = preSolution
		Debug|x64 = Debug|x64
		Debug|x86 = Debug|x86
		Release|x64 = Release|x64
		Release|x86 = Release|x86
	EndGlobalSection
	GlobalSection(ProjectConfigurationPlatforms) = postSolution
		{FCB04392-4E9B-49F5-93BD-BD925CEE6278}.Debug|x64.ActiveCfg = Debug|x64
		{FCB04392-4E9B-49F5-93BD-BD925CEE6278}.Debug|x64.Build.0 = Debug|x64
		{FCB04392-4E9B-49F5-93BD-BD925CEE6278}.Debug|x86.ActiveCfg = Debug|Win32
		{FCB04392-4E9B-49F5-93BD-BD925CEE6278}.Debug|x86.Build.0 = Debug|Win32
		{FCB04392-4E9B-49F5-93BD-BD925CEE6278}.Release|x64.ActiveCfg = Release|x64
		{FCB04392-4E9B-49F5-93BD-BD925CEE6278}.Release|x64.Build.0 = Release|x64
		{FCB04392-4E9B-49F5-93BD-BD925CEE6278}.Release|x86.ActiveCfg = Release|Win32
		{FCB04392-4E9B-49F5-93BD-BD925CEE6278}.Release|x86.Build.0 = Release|Win32
	EndGlobalSection
	GlobalSection(SolutionProperties) = preSolution
		HideSolutionNode = FALSE
	EndGlobalSection
	GlobalSection(ExtensibilityGlobals) = postSolution
		SolutionGuid = {1DDDAD25-B0F8-479A-8D97-F19DDC8B392C}
	EndGlobalSection
EndGlobal
