
Microsoft Visual Studio Solution File, Format Version 12.00
# Visual Studio Version 16
VisualStudioVersion = 16.0.31624.102
MinimumVisualStudioVersion = 10.0.40219.1
Project("{8BC9CEB8-8B4A-11D0-8D11-00A0C91BC942}") = "Project_4_5", "Project_4_5\Project_4_5.vcxproj", "{9FA947D9-F8F8-430A-9E35-C82524C44D16}"
EndProject
Global
	GlobalSection(SolutionConfigurationPlatforms) = preSolution
		Debug|x64 = Debug|x64
		Debug|x86 = Debug|x86
		Release|x64 = Release|x64
		Release|x86 = Release|x86
	EndGlobalSection
	GlobalSection(ProjectConfigurationPlatforms) = postSolution
		{9FA947D9-F8F8-430A-9E35-C82524C44D16}.Debug|x64.ActiveCfg = Debug|x64
		{9FA947D9-F8F8-430A-9E35-C82524C44D16}.Debug|x64.Build.0 = Debug|x64
		{9FA947D9-F8F8-430A-9E35-C82524C44D16}.Debug|x86.ActiveCfg = Debug|Win32
		{9FA947D9-F8F8-430A-9E35-C82524C44D16}.Debug|x86.Build.0 = Debug|Win32
		{9FA947D9-F8F8-430A-9E35-C82524C44D16}.Release|x64.ActiveCfg = Release|x64
		{9FA947D9-F8F8-430A-9E35-C82524C44D16}.Release|x64.Build.0 = Release|x64
		{9FA947D9-F8F8-430A-9E35-C82524C44D16}.Release|x86.ActiveCfg = Release|Win32
		{9FA947D9-F8F8-430A-9E35-C82524C44D16}.Release|x86.Build.0 = Release|Win32
	EndGlobalSection
	GlobalSection(SolutionProperties) = preSolution
		HideSolutionNode = FALSE
	EndGlobalSection
	GlobalSection(ExtensibilityGlobals) = postSolution
		SolutionGuid = {75CBCF2A-8E04-44C1-9EB0-7CF2A15F5710}
	EndGlobalSection
EndGlobal
