
Microsoft Visual Studio Solution File, Format Version 12.00
# Visual Studio Version 16
VisualStudioVersion = 16.0.31624.102
MinimumVisualStudioVersion = 10.0.40219.1
Project("{8BC9CEB8-8B4A-11D0-8D11-00A0C91BC942}") = "Project1", "Project1\Project1.vcxproj", "{EEF7EBCA-7187-4825-A04C-2CA441F2CAB7}"
EndProject
Global
	GlobalSection(SolutionConfigurationPlatforms) = preSolution
		Debug|x64 = Debug|x64
		Debug|x86 = Debug|x86
		Release|x64 = Release|x64
		Release|x86 = Release|x86
	EndGlobalSection
	GlobalSection(ProjectConfigurationPlatforms) = postSolution
		{EEF7EBCA-7187-4825-A04C-2CA441F2CAB7}.Debug|x64.ActiveCfg = Debug|x64
		{EEF7EBCA-7187-4825-A04C-2CA441F2CAB7}.Debug|x64.Build.0 = Debug|x64
		{EEF7EBCA-7187-4825-A04C-2CA441F2CAB7}.Debug|x86.ActiveCfg = Debug|Win32
		{EEF7EBCA-7187-4825-A04C-2CA441F2CAB7}.Debug|x86.Build.0 = Debug|Win32
		{EEF7EBCA-7187-4825-A04C-2CA441F2CAB7}.Release|x64.ActiveCfg = Release|x64
		{EEF7EBCA-7187-4825-A04C-2CA441F2CAB7}.Release|x64.Build.0 = Release|x64
		{EEF7EBCA-7187-4825-A04C-2CA441F2CAB7}.Release|x86.ActiveCfg = Release|Win32
		{EEF7EBCA-7187-4825-A04C-2CA441F2CAB7}.Release|x86.Build.0 = Release|Win32
	EndGlobalSection
	GlobalSection(SolutionProperties) = preSolution
		HideSolutionNode = FALSE
	EndGlobalSection
	GlobalSection(ExtensibilityGlobals) = postSolution
		SolutionGuid = {E8BD5992-DE2D-42D9-BD09-DA0A52F5A524}
	EndGlobalSection
EndGlobal
